// !$*UTF8*$!
{
	archiveVersion = 1;
	classes = {
	};
	objectVersion = 46;
	objects = {

/* Begin PBXBuildFile section */
		709ACC591AAFF63300B0E168 /* libiconv.dylib in Frameworks */ = {isa = PBXBuildFile; fileRef = 709ACC581AAFF63300B0E168 /* libiconv.dylib */; };
		709ACC5B1AAFFD1B00B0E168 /* chicken_animv2.fbx in Resources */ = {isa = PBXBuildFile; fileRef = 709ACC5A1AAFFD1B00B0E168 /* chicken_animv2.fbx */; };
		709ACC5F1AB0032C00B0E168 /* GLProgramUtils.m in Sources */ = {isa = PBXBuildFile; fileRef = 709ACC5E1AB0032C00B0E168 /* GLProgramUtils.m */; };
		709ACC621AB0035A00B0E168 /* FBXSceneUtil.cpp in Sources */ = {isa = PBXBuildFile; fileRef = 709ACC601AB0035A00B0E168 /* FBXSceneUtil.cpp */; };
		709ACC651AB00C0D00B0E168 /* chicken_diffuse.dds in Resources */ = {isa = PBXBuildFile; fileRef = 709ACC631AB00C0D00B0E168 /* chicken_diffuse.dds */; };
		709ACC661AB00C0D00B0E168 /* chicken_normals.dds in Resources */ = {isa = PBXBuildFile; fileRef = 709ACC641AB00C0D00B0E168 /* chicken_normals.dds */; };
		709ACC691AB016CC00B0E168 /* FBXAnimationUtils.cpp in Sources */ = {isa = PBXBuildFile; fileRef = 709ACC671AB016CC00B0E168 /* FBXAnimationUtils.cpp */; };
		709ACC6C1AB0179600B0E168 /* FBXDrawUtils.cpp in Sources */ = {isa = PBXBuildFile; fileRef = 709ACC6A1AB0179600B0E168 /* FBXDrawUtils.cpp */; };
		70C7D73A1ABB976100ADE2D3 /* cube_texture_coloured.jpg in Resources */ = {isa = PBXBuildFile; fileRef = 70C7D7391ABB976100ADE2D3 /* cube_texture_coloured.jpg */; };
		70C818161AB91DE3001CDE78 /* FBXMatrixUtils.cpp in Sources */ = {isa = PBXBuildFile; fileRef = 70C818141AB91DE3001CDE78 /* FBXMatrixUtils.cpp */; };
		70C818191AB93646001CDE78 /* chair.fbx in Resources */ = {isa = PBXBuildFile; fileRef = 70C818181AB93646001CDE78 /* chair.fbx */; };
		70C943411AAFE94000DE778F /* main.m in Sources */ = {isa = PBXBuildFile; fileRef = 70C943401AAFE94000DE778F /* main.m */; };
		70C943441AAFE94000DE778F /* AppDelegate.m in Sources */ = {isa = PBXBuildFile; fileRef = 70C943431AAFE94000DE778F /* AppDelegate.m */; };
		70C943461AAFE94000DE778F /* Shader.fsh in Resources */ = {isa = PBXBuildFile; fileRef = 70C943451AAFE94000DE778F /* Shader.fsh */; };
		70C943481AAFE94000DE778F /* Shader.vsh in Resources */ = {isa = PBXBuildFile; fileRef = 70C943471AAFE94000DE778F /* Shader.vsh */; };
		70C9434B1AAFE94000DE778F /* GameViewController.mm in Sources */ = {isa = PBXBuildFile; fileRef = 70C9434A1AAFE94000DE778F /* GameViewController.mm */; };
		70C9434E1AAFE94000DE778F /* Main.storyboard in Resources */ = {isa = PBXBuildFile; fileRef = 70C9434C1AAFE94000DE778F /* Main.storyboard */; };
		70C943501AAFE94000DE778F /* Images.xcassets in Resources */ = {isa = PBXBuildFile; fileRef = 70C9434F1AAFE94000DE778F /* Images.xcassets */; };
		70C943531AAFE94000DE778F /* LaunchScreen.xib in Resources */ = {isa = PBXBuildFile; fileRef = 70C943511AAFE94000DE778F /* LaunchScreen.xib */; };
		70C9435F1AAFE94000DE778F /* FBXTestTests.m in Sources */ = {isa = PBXBuildFile; fileRef = 70C9435E1AAFE94000DE778F /* FBXTestTests.m */; };
		70CA21D71ABA0B6D00A4C0AA /* cube.fbx in Resources */ = {isa = PBXBuildFile; fileRef = 70CA21D61ABA0B6D00A4C0AA /* cube.fbx */; };
		70CA21DA1ABA0D6300A4C0AA /* cube_texture.jpg in Resources */ = {isa = PBXBuildFile; fileRef = 70CA21D91ABA0D6300A4C0AA /* cube_texture.jpg */; };
		70CB2B1E1AB0BA6200A6C616 /* FBXtoGLK.cpp in Sources */ = {isa = PBXBuildFile; fileRef = 70CB2B1C1AB0BA6200A6C616 /* FBXtoGLK.cpp */; };
		70CB2B221AB0C61D00A6C616 /* GetPosition.cxx in Sources */ = {isa = PBXBuildFile; fileRef = 70CB2B201AB0C61D00A6C616 /* GetPosition.cxx */; };
		70CB2B251AB0C6B300A6C616 /* SceneCache.cxx in Sources */ = {isa = PBXBuildFile; fileRef = 70CB2B231AB0C6B300A6C616 /* SceneCache.cxx */; };
/* End PBXBuildFile section */

/* Begin PBXContainerItemProxy section */
		70C943591AAFE94000DE778F /* PBXContainerItemProxy */ = {
			isa = PBXContainerItemProxy;
			containerPortal = 70C943331AAFE94000DE778F /* Project object */;
			proxyType = 1;
			remoteGlobalIDString = 70C9433A1AAFE94000DE778F;
			remoteInfo = FBXTest;
		};
/* End PBXContainerItemProxy section */

/* Begin PBXFileReference section */
		709ACC581AAFF63300B0E168 /* libiconv.dylib */ = {isa = PBXFileReference; lastKnownFileType = "compiled.mach-o.dylib"; name = libiconv.dylib; path = usr/lib/libiconv.dylib; sourceTree = SDKROOT; };
		709ACC5A1AAFFD1B00B0E168 /* chicken_animv2.fbx */ = {isa = PBXFileReference; fileEncoding = 4; lastKnownFileType = text; path = chicken_animv2.fbx; sourceTree = "<group>"; };
		709ACC5D1AB0032C00B0E168 /* GLProgramUtils.h */ = {isa = PBXFileReference; fileEncoding = 4; lastKnownFileType = sourcecode.c.h; path = GLProgramUtils.h; sourceTree = "<group>"; };
		709ACC5E1AB0032C00B0E168 /* GLProgramUtils.m */ = {isa = PBXFileReference; fileEncoding = 4; lastKnownFileType = sourcecode.c.objc; path = GLProgramUtils.m; sourceTree = "<group>"; };
		709ACC601AB0035A00B0E168 /* FBXSceneUtil.cpp */ = {isa = PBXFileReference; fileEncoding = 4; lastKnownFileType = sourcecode.cpp.cpp; path = FBXSceneUtil.cpp; sourceTree = "<group>"; };
		709ACC611AB0035A00B0E168 /* FBXSceneUtil.h */ = {isa = PBXFileReference; fileEncoding = 4; lastKnownFileType = sourcecode.c.h; path = FBXSceneUtil.h; sourceTree = "<group>"; };
		709ACC631AB00C0D00B0E168 /* chicken_diffuse.dds */ = {isa = PBXFileReference; lastKnownFileType = file; path = chicken_diffuse.dds; sourceTree = "<group>"; };
		709ACC641AB00C0D00B0E168 /* chicken_normals.dds */ = {isa = PBXFileReference; lastKnownFileType = file; path = chicken_normals.dds; sourceTree = "<group>"; };
		709ACC671AB016CC00B0E168 /* FBXAnimationUtils.cpp */ = {isa = PBXFileReference; fileEncoding = 4; lastKnownFileType = sourcecode.cpp.cpp; path = FBXAnimationUtils.cpp; sourceTree = "<group>"; };
		709ACC681AB016CC00B0E168 /* FBXAnimationUtils.h */ = {isa = PBXFileReference; fileEncoding = 4; lastKnownFileType = sourcecode.c.h; path = FBXAnimationUtils.h; sourceTree = "<group>"; };
		709ACC6A1AB0179600B0E168 /* FBXDrawUtils.cpp */ = {isa = PBXFileReference; fileEncoding = 4; lastKnownFileType = sourcecode.cpp.cpp; path = FBXDrawUtils.cpp; sourceTree = "<group>"; };
		709ACC6B1AB0179600B0E168 /* FBXDrawUtils.h */ = {isa = PBXFileReference; fileEncoding = 4; lastKnownFileType = sourcecode.c.h; path = FBXDrawUtils.h; sourceTree = "<group>"; };
		70C7D7391ABB976100ADE2D3 /* cube_texture_coloured.jpg */ = {isa = PBXFileReference; lastKnownFileType = image.jpeg; path = cube_texture_coloured.jpg; sourceTree = "<group>"; };
		70C818141AB91DE3001CDE78 /* FBXMatrixUtils.cpp */ = {isa = PBXFileReference; fileEncoding = 4; lastKnownFileType = sourcecode.cpp.cpp; path = FBXMatrixUtils.cpp; sourceTree = "<group>"; };
		70C818151AB91DE3001CDE78 /* FBXMatrixUtils.h */ = {isa = PBXFileReference; fileEncoding = 4; lastKnownFileType = sourcecode.c.h; path = FBXMatrixUtils.h; sourceTree = "<group>"; };
		70C818171AB92A90001CDE78 /* ShaderAttribute.h */ = {isa = PBXFileReference; lastKnownFileType = sourcecode.c.h; path = ShaderAttribute.h; sourceTree = "<group>"; };
		70C818181AB93646001CDE78 /* chair.fbx */ = {isa = PBXFileReference; lastKnownFileType = file; path = chair.fbx; sourceTree = "<group>"; };
		70C9433B1AAFE94000DE778F /* FBXTest.app */ = {isa = PBXFileReference; explicitFileType = wrapper.application; includeInIndex = 0; path = FBXTest.app; sourceTree = BUILT_PRODUCTS_DIR; };
		70C9433F1AAFE94000DE778F /* Info.plist */ = {isa = PBXFileReference; lastKnownFileType = text.plist.xml; path = Info.plist; sourceTree = "<group>"; };
		70C943401AAFE94000DE778F /* main.m */ = {isa = PBXFileReference; lastKnownFileType = sourcecode.c.objc; path = main.m; sourceTree = "<group>"; };
		70C943421AAFE94000DE778F /* AppDelegate.h */ = {isa = PBXFileReference; lastKnownFileType = sourcecode.c.h; name = AppDelegate.h; path = FBXTest/AppDelegate.h; sourceTree = "<group>"; };
		70C943431AAFE94000DE778F /* AppDelegate.m */ = {isa = PBXFileReference; lastKnownFileType = sourcecode.c.objc; name = AppDelegate.m; path = FBXTest/AppDelegate.m; sourceTree = "<group>"; };
		70C943451AAFE94000DE778F /* Shader.fsh */ = {isa = PBXFileReference; lastKnownFileType = sourcecode.glsl; name = Shader.fsh; path = Shaders/Shader.fsh; sourceTree = "<group>"; };
		70C943471AAFE94000DE778F /* Shader.vsh */ = {isa = PBXFileReference; lastKnownFileType = sourcecode.glsl; name = Shader.vsh; path = Shaders/Shader.vsh; sourceTree = "<group>"; };
		70C943491AAFE94000DE778F /* GameViewController.h */ = {isa = PBXFileReference; lastKnownFileType = sourcecode.c.h; name = GameViewController.h; path = FBXTest/GameViewController.h; sourceTree = "<group>"; };
		70C9434A1AAFE94000DE778F /* GameViewController.mm */ = {isa = PBXFileReference; lastKnownFileType = sourcecode.cpp.objcpp; name = GameViewController.mm; path = FBXTest/GameViewController.mm; sourceTree = "<group>"; };
		70C9434D1AAFE94000DE778F /* Base */ = {isa = PBXFileReference; lastKnownFileType = file.storyboard; name = Base; path = Base.lproj/Main.storyboard; sourceTree = "<group>"; };
		70C9434F1AAFE94000DE778F /* Images.xcassets */ = {isa = PBXFileReference; lastKnownFileType = folder.assetcatalog; path = Images.xcassets; sourceTree = "<group>"; };
		70C943521AAFE94000DE778F /* Base */ = {isa = PBXFileReference; lastKnownFileType = file.xib; name = Base; path = Base.lproj/LaunchScreen.xib; sourceTree = "<group>"; };
		70C943581AAFE94000DE778F /* FBXTestTests.xctest */ = {isa = PBXFileReference; explicitFileType = wrapper.cfbundle; includeInIndex = 0; path = FBXTestTests.xctest; sourceTree = BUILT_PRODUCTS_DIR; };
		70C9435D1AAFE94000DE778F /* Info.plist */ = {isa = PBXFileReference; lastKnownFileType = text.plist.xml; path = Info.plist; sourceTree = "<group>"; };
		70C9435E1AAFE94000DE778F /* FBXTestTests.m */ = {isa = PBXFileReference; lastKnownFileType = sourcecode.c.objc; path = FBXTestTests.m; sourceTree = "<group>"; };
		70CA21D61ABA0B6D00A4C0AA /* cube.fbx */ = {isa = PBXFileReference; lastKnownFileType = file; path = cube.fbx; sourceTree = "<group>"; };
		70CA21D91ABA0D6300A4C0AA /* cube_texture.jpg */ = {isa = PBXFileReference; lastKnownFileType = image.jpeg; path = cube_texture.jpg; sourceTree = "<group>"; };
		70CB2B1C1AB0BA6200A6C616 /* FBXtoGLK.cpp */ = {isa = PBXFileReference; fileEncoding = 4; lastKnownFileType = sourcecode.cpp.cpp; path = FBXtoGLK.cpp; sourceTree = "<group>"; };
		70CB2B1D1AB0BA6200A6C616 /* FBXtoGLK.h */ = {isa = PBXFileReference; fileEncoding = 4; lastKnownFileType = sourcecode.c.h; path = FBXtoGLK.h; sourceTree = "<group>"; };
		70CB2B201AB0C61D00A6C616 /* GetPosition.cxx */ = {isa = PBXFileReference; fileEncoding = 4; lastKnownFileType = sourcecode.cpp.cpp; name = GetPosition.cxx; path = ../../../Downloads/examples/ViewScene/GetPosition.cxx; sourceTree = "<group>"; };
		70CB2B211AB0C61D00A6C616 /* GetPosition.h */ = {isa = PBXFileReference; fileEncoding = 4; lastKnownFileType = sourcecode.c.h; name = GetPosition.h; path = ../../../Downloads/examples/ViewScene/GetPosition.h; sourceTree = "<group>"; };
		70CB2B231AB0C6B300A6C616 /* SceneCache.cxx */ = {isa = PBXFileReference; fileEncoding = 4; lastKnownFileType = sourcecode.cpp.cpp; name = SceneCache.cxx; path = ../../../Downloads/examples/ViewScene/SceneCache.cxx; sourceTree = "<group>"; };
		70CB2B241AB0C6B300A6C616 /* SceneCache.h */ = {isa = PBXFileReference; fileEncoding = 4; lastKnownFileType = sourcecode.c.h; name = SceneCache.h; path = ../../../Downloads/examples/ViewScene/SceneCache.h; sourceTree = "<group>"; };
/* End PBXFileReference section */

/* Begin PBXFrameworksBuildPhase section */
		70C943381AAFE94000DE778F /* Frameworks */ = {
			isa = PBXFrameworksBuildPhase;
			buildActionMask = 2147483647;
			files = (
				709ACC591AAFF63300B0E168 /* libiconv.dylib in Frameworks */,
			);
			runOnlyForDeploymentPostprocessing = 0;
		};
		70C943551AAFE94000DE778F /* Frameworks */ = {
			isa = PBXFrameworksBuildPhase;
			buildActionMask = 2147483647;
			files = (
			);
			runOnlyForDeploymentPostprocessing = 0;
		};
/* End PBXFrameworksBuildPhase section */

/* Begin PBXGroup section */
		709ACC5C1AB0031600B0E168 /* Utils */ = {
			isa = PBXGroup;
			children = (
				70CB2B1F1AB0C5F900A6C616 /* FBXHelpers */,
				709ACC5D1AB0032C00B0E168 /* GLProgramUtils.h */,
				709ACC5E1AB0032C00B0E168 /* GLProgramUtils.m */,
				709ACC601AB0035A00B0E168 /* FBXSceneUtil.cpp */,
				709ACC611AB0035A00B0E168 /* FBXSceneUtil.h */,
				709ACC671AB016CC00B0E168 /* FBXAnimationUtils.cpp */,
				709ACC681AB016CC00B0E168 /* FBXAnimationUtils.h */,
				709ACC6A1AB0179600B0E168 /* FBXDrawUtils.cpp */,
				709ACC6B1AB0179600B0E168 /* FBXDrawUtils.h */,
				70CB2B1C1AB0BA6200A6C616 /* FBXtoGLK.cpp */,
				70CB2B1D1AB0BA6200A6C616 /* FBXtoGLK.h */,
				70C818171AB92A90001CDE78 /* ShaderAttribute.h */,
			);
			name = Utils;
			sourceTree = "<group>";
		};
		70C818121AB91BFE001CDE78 /* Controllers */ = {
			isa = PBXGroup;
			children = (
				70C943421AAFE94000DE778F /* AppDelegate.h */,
				70C943431AAFE94000DE778F /* AppDelegate.m */,
				70C943491AAFE94000DE778F /* GameViewController.h */,
				70C9434A1AAFE94000DE778F /* GameViewController.mm */,
			);
			name = Controllers;
			path = ..;
			sourceTree = "<group>";
		};
		70C818131AB91C26001CDE78 /* Views */ = {
			isa = PBXGroup;
			children = (
				70C9434C1AAFE94000DE778F /* Main.storyboard */,
				70C943511AAFE94000DE778F /* LaunchScreen.xib */,
			);
			name = Views;
			sourceTree = "<group>";
		};
		70C943321AAFE94000DE778F = {
			isa = PBXGroup;
			children = (
				709ACC581AAFF63300B0E168 /* libiconv.dylib */,
				70C9433D1AAFE94000DE778F /* FBXTest */,
				70C9435B1AAFE94000DE778F /* FBXTestTests */,
				70C9433C1AAFE94000DE778F /* Products */,
			);
			sourceTree = "<group>";
		};
		70C9433C1AAFE94000DE778F /* Products */ = {
			isa = PBXGroup;
			children = (
				70C9433B1AAFE94000DE778F /* FBXTest.app */,
				70C943581AAFE94000DE778F /* FBXTestTests.xctest */,
			);
			name = Products;
			sourceTree = "<group>";
		};
		70C9433D1AAFE94000DE778F /* FBXTest */ = {
			isa = PBXGroup;
			children = (
				70C818121AB91BFE001CDE78 /* Controllers */,
				70C818131AB91C26001CDE78 /* Views */,
				709ACC5C1AB0031600B0E168 /* Utils */,
				70C943691AAFEA3A00DE778F /* Assets */,
				70C943681AAFEA3000DE778F /* Models */,
				70C9433E1AAFE94000DE778F /* Supporting Files */,
			);
			path = FBXTest;
			sourceTree = "<group>";
		};
		70C9433E1AAFE94000DE778F /* Supporting Files */ = {
			isa = PBXGroup;
			children = (
				70C9433F1AAFE94000DE778F /* Info.plist */,
				70C943401AAFE94000DE778F /* main.m */,
			);
			name = "Supporting Files";
			sourceTree = "<group>";
		};
		70C9435B1AAFE94000DE778F /* FBXTestTests */ = {
			isa = PBXGroup;
			children = (
				70C9435E1AAFE94000DE778F /* FBXTestTests.m */,
				70C9435C1AAFE94000DE778F /* Supporting Files */,
			);
			path = FBXTestTests;
			sourceTree = "<group>";
		};
		70C9435C1AAFE94000DE778F /* Supporting Files */ = {
			isa = PBXGroup;
			children = (
				70C9435D1AAFE94000DE778F /* Info.plist */,
			);
			name = "Supporting Files";
			sourceTree = "<group>";
		};
		70C943681AAFEA3000DE778F /* Models */ = {
			isa = PBXGroup;
			children = (
			);
			name = Models;
			sourceTree = "<group>";
		};
		70C943691AAFEA3A00DE778F /* Assets */ = {
			isa = PBXGroup;
			children = (
				70CA21D81ABA0D5900A4C0AA /* Textures */,
				70C9434F1AAFE94000DE778F /* Images.xcassets */,
				70C9436B1AAFEA4800DE778F /* Shaders */,
				70C9436A1AAFEA4000DE778F /* Models */,
			);
			name = Assets;
			sourceTree = "<group>";
		};
		70C9436A1AAFEA4000DE778F /* Models */ = {
			isa = PBXGroup;
			children = (
				70CA21D61ABA0B6D00A4C0AA /* cube.fbx */,
				70C818181AB93646001CDE78 /* chair.fbx */,
				709ACC631AB00C0D00B0E168 /* chicken_diffuse.dds */,
				709ACC641AB00C0D00B0E168 /* chicken_normals.dds */,
				709ACC5A1AAFFD1B00B0E168 /* chicken_animv2.fbx */,
			);
			name = Models;
			sourceTree = "<group>";
		};
		70C9436B1AAFEA4800DE778F /* Shaders */ = {
			isa = PBXGroup;
			children = (
				70C943451AAFE94000DE778F /* Shader.fsh */,
				70C943471AAFE94000DE778F /* Shader.vsh */,
			);
			name = Shaders;
			sourceTree = "<group>";
		};
		70CA21D81ABA0D5900A4C0AA /* Textures */ = {
			isa = PBXGroup;
			children = (
				70C7D7391ABB976100ADE2D3 /* cube_texture_coloured.jpg */,
				70CA21D91ABA0D6300A4C0AA /* cube_texture.jpg */,
			);
			name = Textures;
			sourceTree = "<group>";
		};
		70CB2B1F1AB0C5F900A6C616 /* FBXHelpers */ = {
			isa = PBXGroup;
			children = (
				70CB2B231AB0C6B300A6C616 /* SceneCache.cxx */,
				70CB2B241AB0C6B300A6C616 /* SceneCache.h */,
				70CB2B201AB0C61D00A6C616 /* GetPosition.cxx */,
				70CB2B211AB0C61D00A6C616 /* GetPosition.h */,
				70C818141AB91DE3001CDE78 /* FBXMatrixUtils.cpp */,
				70C818151AB91DE3001CDE78 /* FBXMatrixUtils.h */,
			);
			name = FBXHelpers;
			sourceTree = "<group>";
		};
/* End PBXGroup section */

/* Begin PBXNativeTarget section */
		70C9433A1AAFE94000DE778F /* FBXTest */ = {
			isa = PBXNativeTarget;
			buildConfigurationList = 70C943621AAFE94000DE778F /* Build configuration list for PBXNativeTarget "FBXTest" */;
			buildPhases = (
				70C943371AAFE94000DE778F /* Sources */,
				70C943381AAFE94000DE778F /* Frameworks */,
				70C943391AAFE94000DE778F /* Resources */,
			);
			buildRules = (
			);
			dependencies = (
			);
			name = FBXTest;
			productName = FBXTest;
			productReference = 70C9433B1AAFE94000DE778F /* FBXTest.app */;
			productType = "com.apple.product-type.application";
		};
		70C943571AAFE94000DE778F /* FBXTestTests */ = {
			isa = PBXNativeTarget;
			buildConfigurationList = 70C943651AAFE94000DE778F /* Build configuration list for PBXNativeTarget "FBXTestTests" */;
			buildPhases = (
				70C943541AAFE94000DE778F /* Sources */,
				70C943551AAFE94000DE778F /* Frameworks */,
				70C943561AAFE94000DE778F /* Resources */,
			);
			buildRules = (
			);
			dependencies = (
				70C9435A1AAFE94000DE778F /* PBXTargetDependency */,
			);
			name = FBXTestTests;
			productName = FBXTestTests;
			productReference = 70C943581AAFE94000DE778F /* FBXTestTests.xctest */;
			productType = "com.apple.product-type.bundle.unit-test";
		};
/* End PBXNativeTarget section */

/* Begin PBXProject section */
		70C943331AAFE94000DE778F /* Project object */ = {
			isa = PBXProject;
			attributes = {
				LastUpgradeCheck = 0610;
				ORGANIZATIONNAME = BCIT;
				TargetAttributes = {
					70C9433A1AAFE94000DE778F = {
						CreatedOnToolsVersion = 6.1.1;
					};
					70C943571AAFE94000DE778F = {
						CreatedOnToolsVersion = 6.1.1;
						TestTargetID = 70C9433A1AAFE94000DE778F;
					};
				};
			};
			buildConfigurationList = 70C943361AAFE94000DE778F /* Build configuration list for PBXProject "FBXTest" */;
			compatibilityVersion = "Xcode 3.2";
			developmentRegion = English;
			hasScannedForEncodings = 0;
			knownRegions = (
				en,
				Base,
			);
			mainGroup = 70C943321AAFE94000DE778F;
			productRefGroup = 70C9433C1AAFE94000DE778F /* Products */;
			projectDirPath = "";
			projectRoot = "";
			targets = (
				70C9433A1AAFE94000DE778F /* FBXTest */,
				70C943571AAFE94000DE778F /* FBXTestTests */,
			);
		};
/* End PBXProject section */

/* Begin PBXResourcesBuildPhase section */
		70C943391AAFE94000DE778F /* Resources */ = {
			isa = PBXResourcesBuildPhase;
			buildActionMask = 2147483647;
			files = (
				70C943531AAFE94000DE778F /* LaunchScreen.xib in Resources */,
				70C9434E1AAFE94000DE778F /* Main.storyboard in Resources */,
				70C943501AAFE94000DE778F /* Images.xcassets in Resources */,
				70CA21DA1ABA0D6300A4C0AA /* cube_texture.jpg in Resources */,
				70C818191AB93646001CDE78 /* chair.fbx in Resources */,
				70C943481AAFE94000DE778F /* Shader.vsh in Resources */,
				709ACC661AB00C0D00B0E168 /* chicken_normals.dds in Resources */,
				70C7D73A1ABB976100ADE2D3 /* cube_texture_coloured.jpg in Resources */,
				70C943461AAFE94000DE778F /* Shader.fsh in Resources */,
				70CA21D71ABA0B6D00A4C0AA /* cube.fbx in Resources */,
				709ACC5B1AAFFD1B00B0E168 /* chicken_animv2.fbx in Resources */,
				709ACC651AB00C0D00B0E168 /* chicken_diffuse.dds in Resources */,
			);
			runOnlyForDeploymentPostprocessing = 0;
		};
		70C943561AAFE94000DE778F /* Resources */ = {
			isa = PBXResourcesBuildPhase;
			buildActionMask = 2147483647;
			files = (
			);
			runOnlyForDeploymentPostprocessing = 0;
		};
/* End PBXResourcesBuildPhase section */

/* Begin PBXSourcesBuildPhase section */
		70C943371AAFE94000DE778F /* Sources */ = {
			isa = PBXSourcesBuildPhase;
			buildActionMask = 2147483647;
			files = (
				709ACC6C1AB0179600B0E168 /* FBXDrawUtils.cpp in Sources */,
				70C943441AAFE94000DE778F /* AppDelegate.m in Sources */,
				709ACC691AB016CC00B0E168 /* FBXAnimationUtils.cpp in Sources */,
				70C9434B1AAFE94000DE778F /* GameViewController.mm in Sources */,
				709ACC621AB0035A00B0E168 /* FBXSceneUtil.cpp in Sources */,
				70C818161AB91DE3001CDE78 /* FBXMatrixUtils.cpp in Sources */,
				70CB2B221AB0C61D00A6C616 /* GetPosition.cxx in Sources */,
				70C943411AAFE94000DE778F /* main.m in Sources */,
				70CB2B1E1AB0BA6200A6C616 /* FBXtoGLK.cpp in Sources */,
				709ACC5F1AB0032C00B0E168 /* GLProgramUtils.m in Sources */,
				70CB2B251AB0C6B300A6C616 /* SceneCache.cxx in Sources */,
			);
			runOnlyForDeploymentPostprocessing = 0;
		};
		70C943541AAFE94000DE778F /* Sources */ = {
			isa = PBXSourcesBuildPhase;
			buildActionMask = 2147483647;
			files = (
				70C9435F1AAFE94000DE778F /* FBXTestTests.m in Sources */,
			);
			runOnlyForDeploymentPostprocessing = 0;
		};
/* End PBXSourcesBuildPhase section */

/* Begin PBXTargetDependency section */
		70C9435A1AAFE94000DE778F /* PBXTargetDependency */ = {
			isa = PBXTargetDependency;
			target = 70C9433A1AAFE94000DE778F /* FBXTest */;
			targetProxy = 70C943591AAFE94000DE778F /* PBXContainerItemProxy */;
		};
/* End PBXTargetDependency section */

/* Begin PBXVariantGroup section */
		70C9434C1AAFE94000DE778F /* Main.storyboard */ = {
			isa = PBXVariantGroup;
			children = (
				70C9434D1AAFE94000DE778F /* Base */,
			);
			name = Main.storyboard;
			sourceTree = "<group>";
		};
		70C943511AAFE94000DE778F /* LaunchScreen.xib */ = {
			isa = PBXVariantGroup;
			children = (
				70C943521AAFE94000DE778F /* Base */,
			);
			name = LaunchScreen.xib;
			sourceTree = "<group>";
		};
/* End PBXVariantGroup section */

/* Begin XCBuildConfiguration section */
		70C943601AAFE94000DE778F /* Debug */ = {
			isa = XCBuildConfiguration;
			buildSettings = {
				ALWAYS_SEARCH_USER_PATHS = NO;
				CLANG_CXX_LANGUAGE_STANDARD = "gnu++0x";
				CLANG_CXX_LIBRARY = "libc++";
				CLANG_ENABLE_MODULES = YES;
				CLANG_ENABLE_OBJC_ARC = YES;
				CLANG_WARN_BOOL_CONVERSION = YES;
				CLANG_WARN_CONSTANT_CONVERSION = YES;
				CLANG_WARN_DIRECT_OBJC_ISA_USAGE = YES_ERROR;
				CLANG_WARN_EMPTY_BODY = YES;
				CLANG_WARN_ENUM_CONVERSION = YES;
				CLANG_WARN_INT_CONVERSION = YES;
				CLANG_WARN_OBJC_ROOT_CLASS = YES_ERROR;
				CLANG_WARN_UNREACHABLE_CODE = YES;
				CLANG_WARN__DUPLICATE_METHOD_MATCH = YES;
				"CODE_SIGN_IDENTITY[sdk=iphoneos*]" = "iPhone Developer";
				COPY_PHASE_STRIP = NO;
				ENABLE_STRICT_OBJC_MSGSEND = YES;
				GCC_C_LANGUAGE_STANDARD = gnu99;
				GCC_DYNAMIC_NO_PIC = NO;
				GCC_OPTIMIZATION_LEVEL = 0;
				GCC_PREPROCESSOR_DEFINITIONS = (
					"DEBUG=1",
					"$(inherited)",
				);
				GCC_SYMBOLS_PRIVATE_EXTERN = NO;
				GCC_WARN_64_TO_32_BIT_CONVERSION = YES;
				GCC_WARN_ABOUT_RETURN_TYPE = YES_ERROR;
				GCC_WARN_UNDECLARED_SELECTOR = YES;
				GCC_WARN_UNINITIALIZED_AUTOS = YES_AGGRESSIVE;
				GCC_WARN_UNUSED_FUNCTION = YES;
				GCC_WARN_UNUSED_VARIABLE = YES;
				IPHONEOS_DEPLOYMENT_TARGET = 8.1;
				MTL_ENABLE_DEBUG_INFO = YES;
				ONLY_ACTIVE_ARCH = YES;
				SDKROOT = iphoneos;
				TARGETED_DEVICE_FAMILY = "1,2";
			};
			name = Debug;
		};
		70C943611AAFE94000DE778F /* Release */ = {
			isa = XCBuildConfiguration;
			buildSettings = {
				ALWAYS_SEARCH_USER_PATHS = NO;
				CLANG_CXX_LANGUAGE_STANDARD = "gnu++0x";
				CLANG_CXX_LIBRARY = "libc++";
				CLANG_ENABLE_MODULES = YES;
				CLANG_ENABLE_OBJC_ARC = YES;
				CLANG_WARN_BOOL_CONVERSION = YES;
				CLANG_WARN_CONSTANT_CONVERSION = YES;
				CLANG_WARN_DIRECT_OBJC_ISA_USAGE = YES_ERROR;
				CLANG_WARN_EMPTY_BODY = YES;
				CLANG_WARN_ENUM_CONVERSION = YES;
				CLANG_WARN_INT_CONVERSION = YES;
				CLANG_WARN_OBJC_ROOT_CLASS = YES_ERROR;
				CLANG_WARN_UNREACHABLE_CODE = YES;
				CLANG_WARN__DUPLICATE_METHOD_MATCH = YES;
				"CODE_SIGN_IDENTITY[sdk=iphoneos*]" = "iPhone Developer";
				COPY_PHASE_STRIP = YES;
				ENABLE_NS_ASSERTIONS = NO;
				ENABLE_STRICT_OBJC_MSGSEND = YES;
				GCC_C_LANGUAGE_STANDARD = gnu99;
				GCC_WARN_64_TO_32_BIT_CONVERSION = YES;
				GCC_WARN_ABOUT_RETURN_TYPE = YES_ERROR;
				GCC_WARN_UNDECLARED_SELECTOR = YES;
				GCC_WARN_UNINITIALIZED_AUTOS = YES_AGGRESSIVE;
				GCC_WARN_UNUSED_FUNCTION = YES;
				GCC_WARN_UNUSED_VARIABLE = YES;
				IPHONEOS_DEPLOYMENT_TARGET = 8.1;
				MTL_ENABLE_DEBUG_INFO = NO;
				SDKROOT = iphoneos;
				TARGETED_DEVICE_FAMILY = "1,2";
				VALIDATE_PRODUCT = YES;
			};
			name = Release;
		};
		70C943631AAFE94000DE778F /* Debug */ = {
			isa = XCBuildConfiguration;
			buildSettings = {
				"ARCHS[sdk=iphonesimulator*]" = "$(ARCHS_STANDARD_32_BIT)";
				ASSETCATALOG_COMPILER_APPICON_NAME = AppIcon;
				"HEADER_SEARCH_PATHS[arch=*]" = (
					"\"/Applications/Autodesk/FBX SDK/2015.1/include\"",
					"$(inherited)",
				);
				INFOPLIST_FILE = FBXTest/Info.plist;
				LD_RUNPATH_SEARCH_PATHS = "$(inherited) @executable_path/Frameworks";
				"OTHER_LDFLAGS[sdk=iphoneos*]" = (
					"-ObjC",
					"\"/Applications/Autodesk/FBX SDK/2015.1/lib/ios-armv7/debug/libfbxsdk.a\"",
				);
				"OTHER_LDFLAGS[sdk=iphonesimulator*]" = (
					"-ObjC",
					"\"/Applications/Autodesk/FBX SDK/2015.1/lib/ios-i386/debug/libfbxsdk.a\"",
				);
				PRODUCT_NAME = "$(TARGET_NAME)";
			};
			name = Debug;
		};
		70C943641AAFE94000DE778F /* Release */ = {
			isa = XCBuildConfiguration;
			buildSettings = {
				"ARCHS[sdk=iphonesimulator*]" = "$(ARCHS_STANDARD_32_BIT)";
				ASSETCATALOG_COMPILER_APPICON_NAME = AppIcon;
				"HEADER_SEARCH_PATHS[arch=*]" = (
					"\"/Applications/Autodesk/FBX SDK/2015.1/include\"",
					"$(inherited)",
				);
				INFOPLIST_FILE = FBXTest/Info.plist;
				LD_RUNPATH_SEARCH_PATHS = "$(inherited) @executable_path/Frameworks";
				"OTHER_LDFLAGS[sdk=iphoneos*]" = (
					"-ObjC",
					"\"/Applications/Autodesk/FBX SDK/2015.1/lib/ios-armv7/release/libfbxsdk.a\"",
				);
				"OTHER_LDFLAGS[sdk=iphonesimulator*]" = (
					"-ObjC",
					"\"/Applications/Autodesk/FBX SDK/2015.1/lib/ios-i386/release/libfbxsdk.a\"",
				);
				PRODUCT_NAME = "$(TARGET_NAME)";
			};
			name = Release;
		};
		70C943661AAFE94000DE778F /* Debug */ = {
			isa = XCBuildConfiguration;
			buildSettings = {
				BUNDLE_LOADER = "$(TEST_HOST)";
				FRAMEWORK_SEARCH_PATHS = (
					"$(SDKROOT)/Developer/Library/Frameworks",
					"$(inherited)",
				);
				GCC_PREPROCESSOR_DEFINITIONS = (
					"DEBUG=1",
					"$(inherited)",
				);
				INFOPLIST_FILE = FBXTestTests/Info.plist;
				LD_RUNPATH_SEARCH_PATHS = "$(inherited) @executable_path/Frameworks @loader_path/Frameworks";
				PRODUCT_NAME = "$(TARGET_NAME)";
				TEST_HOST = "$(BUILT_PRODUCTS_DIR)/FBXTest.app/FBXTest";
			};
			name = Debug;
		};
		70C943671AAFE94000DE778F /* Release */ = {
			isa = XCBuildConfiguration;
			buildSettings = {
				BUNDLE_LOADER = "$(TEST_HOST)";
				FRAMEWORK_SEARCH_PATHS = (
					"$(SDKROOT)/Developer/Library/Frameworks",
					"$(inherited)",
				);
				INFOPLIST_FILE = FBXTestTests/Info.plist;
				LD_RUNPATH_SEARCH_PATHS = "$(inherited) @executable_path/Frameworks @loader_path/Frameworks";
				PRODUCT_NAME = "$(TARGET_NAME)";
				TEST_HOST = "$(BUILT_PRODUCTS_DIR)/FBXTest.app/FBXTest";
			};
			name = Release;
		};
/* End XCBuildConfiguration section */

/* Begin XCConfigurationList section */
		70C943361AAFE94000DE778F /* Build configuration list for PBXProject "FBXTest" */ = {
			isa = XCConfigurationList;
			buildConfigurations = (
				70C943601AAFE94000DE778F /* Debug */,
				70C943611AAFE94000DE778F /* Release */,
			);
			defaultConfigurationIsVisible = 0;
			defaultConfigurationName = Release;
		};
		70C943621AAFE94000DE778F /* Build configuration list for PBXNativeTarget "FBXTest" */ = {
			isa = XCConfigurationList;
			buildConfigurations = (
				70C943631AAFE94000DE778F /* Debug */,
				70C943641AAFE94000DE778F /* Release */,
			);
			defaultConfigurationIsVisible = 0;
			defaultConfigurationName = Release;
		};
		70C943651AAFE94000DE778F /* Build configuration list for PBXNativeTarget "FBXTestTests" */ = {
			isa = XCConfigurationList;
			buildConfigurations = (
				70C943661AAFE94000DE778F /* Debug */,
				70C943671AAFE94000DE778F /* Release */,
			);
			defaultConfigurationIsVisible = 0;
			defaultConfigurationName = Release;
		};
/* End XCConfigurationList section */
	};
	rootObject = 70C943331AAFE94000DE778F /* Project object */;
}
